
Microsoft Visual Studio Solution File, Format Version 12.00
# Visual Studio 2013
VisualStudioVersion = 12.0.21005.1
MinimumVisualStudioVersion = 10.0.40219.1
Project("{FAE04EC0-301F-11D3-BF4B-00C04F79EFBC}") = "Cyclone.Core", "Cyclone.Core.csproj", "{679AE837-AE14-49B6-83F4-11E8DE38FFEC}"
EndProject
Project("{FAE04EC0-301F-11D3-BF4B-00C04F79EFBC}") = "Cyclone.Tests", "..\Cyclone.Tests\Cyclone.Tests.csproj", "{E31413AE-3B52-409B-93EE-55F469FE8AC2}"
EndProject
Global
	GlobalSection(SolutionConfigurationPlatforms) = preSolution
		Debug|Any CPU = Debug|Any CPU
		Release|Any CPU = Release|Any CPU
	EndGlobalSection
	GlobalSection(ProjectConfigurationPlatforms) = postSolution
		{679AE837-AE14-49B6-83F4-11E8DE38FFEC}.Debug|Any CPU.ActiveCfg = Debug|Any CPU
		{679AE837-AE14-49B6-83F4-11E8DE38FFEC}.Debug|Any CPU.Build.0 = Debug|Any CPU
		{679AE837-AE14-49B6-83F4-11E8DE38FFEC}.Release|Any CPU.ActiveCfg = Release|Any CPU
		{679AE837-AE14-49B6-83F4-11E8DE38FFEC}.Release|Any CPU.Build.0 = Release|Any CPU
		{E31413AE-3B52-409B-93EE-55F469FE8AC2}.Debug|Any CPU.ActiveCfg = Debug|Any CPU
		{E31413AE-3B52-409B-93EE-55F469FE8AC2}.Debug|Any CPU.Build.0 = Debug|Any CPU
		{E31413AE-3B52-409B-93EE-55F469FE8AC2}.Release|Any CPU.ActiveCfg = Release|Any CPU
		{E31413AE-3B52-409B-93EE-55F469FE8AC2}.Release|Any CPU.Build.0 = Release|Any CPU
	EndGlobalSection
	GlobalSection(SolutionProperties) = preSolution
		HideSolutionNode = FALSE
	EndGlobalSection
EndGlobal
